PODS:
  - Alamofire (5.0.2)
  - Differentiator (4.0.1)
  - FlexLayout (1.3.17)
  - Kingfisher (5.13.2):
    - Kingfisher/Core (= 5.13.2)
  - Kingfisher/Core (5.13.2)
  - Moya (14.0.0):
    - Moya/Core (= 14.0.0)
  - Moya/Core (14.0.0):
    - Alamofire (~> 5.0)
  - PinLayout (1.8.13)
  - RxBlocking (5.0.1):
    - RxSwift (~> 5)
  - RxCocoa (5.0.1):
    - RxRelay (~> 5)
    - RxSwift (~> 5)
  - RxDataSources (4.0.1):
    - Differentiator (~> 4.0)
    - RxCocoa (~> 5.0)
    - RxSwift (~> 5.0)
  - RxRelay (5.0.1):
    - RxSwift (~> 5)
  - RxSwift (5.0.1)
  - RxTest (5.1.0):
    - RxSwift (~> 5)
  - Swinject (2.7.1)

DEPENDENCIES:
  - FlexLayout
  - Kingfisher
  - Moya
  - PinLayout
  - RxBlocking (~> 5)
  - RxCocoa (~> 5)
  - RxDataSources
  - RxSwift (~> 5)
  - RxTest
  - Swinject

SPEC REPOS:
  trunk:
    - Alamofire
    - Differentiator
    - FlexLayout
    - Kingfisher
    - Moya
    - PinLayout
    - RxBlocking
    - RxCocoa
    - RxDataSources
    - RxRelay
    - RxSwift
    - RxTest
    - Swinject

SPEC CHECKSUMS:
  Alamofire: 3ba7a4db18b4f62c4a1c0e1cb39d7f3d52e10ada
  Differentiator: 886080237d9f87f322641dedbc5be257061b0602
  FlexLayout: 257b6763526bc957d2abc2b77a05760b86ca0e21
  Kingfisher: d342c8354c10c3d85a27d6d4c42c41285924b898
  Moya: 5b45dacb75adb009f97fde91c204c1e565d31916
  PinLayout: e41a50260a76508b7a7fcee8955c76639adc69bc
  RxBlocking: c5e090f42d046df8b0e7752742510f349963710f
  RxCocoa: e741b9749968e8a143e2b787f1dfbff2b63d0a5c
  RxDataSources: efee07fa4de48477eca0a4611e6d11e2da9c1114
  RxRelay: 89d54507f4fd4d969e6ec1d4bd7f3673640b4640
  RxSwift: e2dc62b366a3adf6a0be44ba9f405efd4c94e0c4
  RxTest: d5e1c9c1880de2751041fa485d476ce006967b31
  Swinject: ddf78b8486dd9b71a667b852cad919ab4484478e

PODFILE CHECKSUM: 0ae239e72bad5c5eb08e0ca6b6f95bd567b7cf26

COCOAPODS: 1.8.4
